// !$*UTF8*$!
{
	archiveVersion = 1;
	classes = {
	};
	objectVersion = 50;
	objects = {

/* Begin PBXBuildFile section */
		36CBF8A022682D7800079F0C /* AppDelegate.swift in Sources */ = {isa = PBXBuildFile; fileRef = 36CBF89F22682D7800079F0C /* AppDelegate.swift */; };
		36CBF8A522682D7800079F0C /* Main.storyboard in Resources */ = {isa = PBXBuildFile; fileRef = 36CBF8A322682D7800079F0C /* Main.storyboard */; };
		36CBF8A722682D7900079F0C /* Assets.xcassets in Resources */ = {isa = PBXBuildFile; fileRef = 36CBF8A622682D7900079F0C /* Assets.xcassets */; };
		36CBF8AA22682D7900079F0C /* LaunchScreen.storyboard in Resources */ = {isa = PBXBuildFile; fileRef = 36CBF8A822682D7900079F0C /* LaunchScreen.storyboard */; };
		36CBF8B222683B4200079F0C /* MainScreenViewController.swift in Sources */ = {isa = PBXBuildFile; fileRef = 36CBF8B122683B4200079F0C /* MainScreenViewController.swift */; };
		36CBF8B622683B9000079F0C /* SelectionScreenViewController.swift in Sources */ = {isa = PBXBuildFile; fileRef = 36CBF8B522683B9000079F0C /* SelectionScreenViewController.swift */; };
/* End PBXBuildFile section */

/* Begin PBXFileReference section */
		36CBF89C22682D7800079F0C /* Factions.app */ = {isa = PBXFileReference; explicitFileType = wrapper.application; includeInIndex = 0; path = Factions.app; sourceTree = BUILT_PRODUCTS_DIR; };
		36CBF89F22682D7800079F0C /* AppDelegate.swift */ = {isa = PBXFileReference; lastKnownFileType = sourcecode.swift; path = AppDelegate.swift; sourceTree = "<group>"; };
		36CBF8A422682D7800079F0C /* Base */ = {isa = PBXFileReference; lastKnownFileType = file.storyboard; name = Base; path = Base.lproj/Main.storyboard; sourceTree = "<group>"; };
		36CBF8A622682D7900079F0C /* Assets.xcassets */ = {isa = PBXFileReference; lastKnownFileType = folder.assetcatalog; path = Assets.xcassets; sourceTree = "<group>"; };
		36CBF8A922682D7900079F0C /* Base */ = {isa = PBXFileReference; lastKnownFileType = file.storyboard; name = Base; path = Base.lproj/LaunchScreen.storyboard; sourceTree = "<group>"; };
		36CBF8AB22682D7900079F0C /* Info.plist */ = {isa = PBXFileReference; lastKnownFileType = text.plist.xml; path = Info.plist; sourceTree = "<group>"; };
		36CBF8B122683B4200079F0C /* MainScreenViewController.swift */ = {isa = PBXFileReference; lastKnownFileType = sourcecode.swift; path = MainScreenViewController.swift; sourceTree = "<group>"; };
		36CBF8B522683B9000079F0C /* SelectionScreenViewController.swift */ = {isa = PBXFileReference; lastKnownFileType = sourcecode.swift; path = SelectionScreenViewController.swift; sourceTree = "<group>"; };
/* End PBXFileReference section */

/* Begin PBXFrameworksBuildPhase section */
		36CBF89922682D7800079F0C /* Frameworks */ = {
			isa = PBXFrameworksBuildPhase;
			buildActionMask = 2147483647;
			files = (
			);
			runOnlyForDeploymentPostprocessing = 0;
		};
/* End PBXFrameworksBuildPhase section */

/* Begin PBXGroup section */
		36CBF89322682D7800079F0C = {
			isa = PBXGroup;
			children = (
				36CBF89E22682D7800079F0C /* Factions */,
				36CBF89D22682D7800079F0C /* Products */,
			);
			sourceTree = "<group>";
		};
		36CBF89D22682D7800079F0C /* Products */ = {
			isa = PBXGroup;
			children = (
				36CBF89C22682D7800079F0C /* Factions.app */,
			);
			name = Products;
			sourceTree = "<group>";
		};
		36CBF89E22682D7800079F0C /* Factions */ = {
			isa = PBXGroup;
			children = (
				36CBF8B422683B7200079F0C /* Faction Screen */,
				36CBF8B322683B6400079F0C /* Main Screen */,
				36CBF89F22682D7800079F0C /* AppDelegate.swift */,
				36CBF8A322682D7800079F0C /* Main.storyboard */,
				36CBF8A622682D7900079F0C /* Assets.xcassets */,
				36CBF8A822682D7900079F0C /* LaunchScreen.storyboard */,
				36CBF8AB22682D7900079F0C /* Info.plist */,
			);
			path = Factions;
			sourceTree = "<group>";
		};
		36CBF8B322683B6400079F0C /* Main Screen */ = {
			isa = PBXGroup;
			children = (
				36CBF8B122683B4200079F0C /* MainScreenViewController.swift */,
			);
			path = "Main Screen";
			sourceTree = "<group>";
		};
		36CBF8B422683B7200079F0C /* Faction Screen */ = {
			isa = PBXGroup;
			children = (
				36CBF8B522683B9000079F0C /* SelectionScreenViewController.swift */,
			);
			path = "Faction Screen";
			sourceTree = "<group>";
		};
/* End PBXGroup section */

/* Begin PBXNativeTarget section */
		36CBF89B22682D7800079F0C /* Factions */ = {
			isa = PBXNativeTarget;
			buildConfigurationList = 36CBF8AE22682D7900079F0C /* Build configuration list for PBXNativeTarget "Factions" */;
			buildPhases = (
				36CBF89822682D7800079F0C /* Sources */,
				36CBF89922682D7800079F0C /* Frameworks */,
				36CBF89A22682D7800079F0C /* Resources */,
			);
			buildRules = (
			);
			dependencies = (
			);
			name = Factions;
			productName = Factions;
			productReference = 36CBF89C22682D7800079F0C /* Factions.app */;
			productType = "com.apple.product-type.application";
		};
/* End PBXNativeTarget section */

/* Begin PBXProject section */
		36CBF89422682D7800079F0C /* Project object */ = {
			isa = PBXProject;
			attributes = {
				LastSwiftUpdateCheck = 1020;
				LastUpgradeCheck = 1020;
				ORGANIZATIONNAME = GeeTeam;
				TargetAttributes = {
					36CBF89B22682D7800079F0C = {
						CreatedOnToolsVersion = 10.2;
					};
				};
			};
			buildConfigurationList = 36CBF89722682D7800079F0C /* Build configuration list for PBXProject "Factions" */;
			compatibilityVersion = "Xcode 9.3";
			developmentRegion = en;
			hasScannedForEncodings = 0;
			knownRegions = (
				en,
				Base,
			);
			mainGroup = 36CBF89322682D7800079F0C;
			productRefGroup = 36CBF89D22682D7800079F0C /* Products */;
			projectDirPath = "";
			projectRoot = "";
			targets = (
				36CBF89B22682D7800079F0C /* Factions */,
			);
		};
/* End PBXProject section */

/* Begin PBXResourcesBuildPhase section */
		36CBF89A22682D7800079F0C /* Resources */ = {
			isa = PBXResourcesBuildPhase;
			buildActionMask = 2147483647;
			files = (
				36CBF8AA22682D7900079F0C /* LaunchScreen.storyboard in Resources */,
				36CBF8A722682D7900079F0C /* Assets.xcassets in Resources */,
				36CBF8A522682D7800079F0C /* Main.storyboard in Resources */,
			);
			runOnlyForDeploymentPostprocessing = 0;
		};
/* End PBXResourcesBuildPhase section */

/* Begin PBXSourcesBuildPhase section */
		36CBF89822682D7800079F0C /* Sources */ = {
			isa = PBXSourcesBuildPhase;
			buildActionMask = 2147483647;
			files = (
				36CBF8B622683B9000079F0C /* SelectionScreenViewController.swift in Sources */,
				36CBF8A022682D7800079F0C /* AppDelegate.swift in Sources */,
				36CBF8B222683B4200079F0C /* MainScreenViewController.swift in Sources */,
			);
			runOnlyForDeploymentPostprocessing = 0;
		};
/* End PBXSourcesBuildPhase section */

/* Begin PBXVariantGroup section */
		36CBF8A322682D7800079F0C /* Main.storyboard */ = {
			isa = PBXVariantGroup;
			children = (
				36CBF8A422682D7800079F0C /* Base */,
			);
			name = Main.storyboard;
			sourceTree = "<group>";
		};
		36CBF8A822682D7900079F0C /* LaunchScreen.storyboard */ = {
			isa = PBXVariantGroup;
			children = (
				36CBF8A922682D7900079F0C /* Base */,
			);
			name = LaunchScreen.storyboard;
			sourceTree = "<group>";
		};
/* End PBXVariantGroup section */

/* Begin XCBuildConfiguration section */
		36CBF8AC22682D7900079F0C /* Debug */ = {
			isa = XCBuildConfiguration;
			buildSettings = {
				ALWAYS_SEARCH_USER_PATHS = NO;
				CLANG_ANALYZER_NONNULL = YES;
				CLANG_ANALYZER_NUMBER_OBJECT_CONVERSION = YES_AGGRESSIVE;
				CLANG_CXX_LANGUAGE_STANDARD = "gnu++14";
				CLANG_CXX_LIBRARY = "libc++";
				CLANG_ENABLE_MODULES = YES;
				CLANG_ENABLE_OBJC_ARC = YES;
				CLANG_ENABLE_OBJC_WEAK = YES;
				CLANG_WARN_BLOCK_CAPTURE_AUTORELEASING = YES;
				CLANG_WARN_BOOL_CONVERSION = YES;
				CLANG_WARN_COMMA = YES;
				CLANG_WARN_CONSTANT_CONVERSION = YES;
				CLANG_WARN_DEPRECATED_OBJC_IMPLEMENTATIONS = YES;
				CLANG_WARN_DIRECT_OBJC_ISA_USAGE = YES_ERROR;
				CLANG_WARN_DOCUMENTATION_COMMENTS = YES;
				CLANG_WARN_EMPTY_BODY = YES;
				CLANG_WARN_ENUM_CONVERSION = YES;
				CLANG_WARN_INFINITE_RECURSION = YES;
				CLANG_WARN_INT_CONVERSION = YES;
				CLANG_WARN_NON_LITERAL_NULL_CONVERSION = YES;
				CLANG_WARN_OBJC_IMPLICIT_RETAIN_SELF = YES;
				CLANG_WARN_OBJC_LITERAL_CONVERSION = YES;
				CLANG_WARN_OBJC_ROOT_CLASS = YES_ERROR;
				CLANG_WARN_RANGE_LOOP_ANALYSIS = YES;
				CLANG_WARN_STRICT_PROTOTYPES = YES;
				CLANG_WARN_SUSPICIOUS_MOVE = YES;
				CLANG_WARN_UNGUARDED_AVAILABILITY = YES_AGGRESSIVE;
				CLANG_WARN_UNREACHABLE_CODE = YES;
				CLANG_WARN__DUPLICATE_METHOD_MATCH = YES;
				CODE_SIGN_IDENTITY = "iPhone Developer";
				COPY_PHASE_STRIP = NO;
				DEBUG_INFORMATION_FORMAT = dwarf;
				ENABLE_STRICT_OBJC_MSGSEND = YES;
				ENABLE_TESTABILITY = YES;
				GCC_C_LANGUAGE_STANDARD = gnu11;
				GCC_DYNAMIC_NO_PIC = NO;
				GCC_NO_COMMON_BLOCKS = YES;
				GCC_OPTIMIZATION_LEVEL = 0;
				GCC_PREPROCESSOR_DEFINITIONS = (
					"DEBUG=1",
					"$(inherited)",
				);
				GCC_WARN_64_TO_32_BIT_CONVERSION = YES;
				GCC_WARN_ABOUT_RETURN_TYPE = YES_ERROR;
				GCC_WARN_UNDECLARED_SELECTOR = YES;
				GCC_WARN_UNINITIALIZED_AUTOS = YES_AGGRESSIVE;
				GCC_WARN_UNUSED_FUNCTION = YES;
				GCC_WARN_UNUSED_VARIABLE = YES;
				IPHONEOS_DEPLOYMENT_TARGET = 12.2;
				MTL_ENABLE_DEBUG_INFO = INCLUDE_SOURCE;
				MTL_FAST_MATH = YES;
				ONLY_ACTIVE_ARCH = YES;
				SDKROOT = iphoneos;
				SWIFT_ACTIVE_COMPILATION_CONDITIONS = DEBUG;
				SWIFT_OPTIMIZATION_LEVEL = "-Onone";
			};
			name = Debug;
		};
		36CBF8AD22682D7900079F0C /* Release */ = {
			isa = XCBuildConfiguration;
			buildSettings = {
				ALWAYS_SEARCH_USER_PATHS = NO;
				CLANG_ANALYZER_NONNULL = YES;
				CLANG_ANALYZER_NUMBER_OBJECT_CONVERSION = YES_AGGRESSIVE;
				CLANG_CXX_LANGUAGE_STANDARD = "gnu++14";
				CLANG_CXX_LIBRARY = "libc++";
				CLANG_ENABLE_MODULES = YES;
				CLANG_ENABLE_OBJC_ARC = YES;
				CLANG_ENABLE_OBJC_WEAK = YES;
				CLANG_WARN_BLOCK_CAPTURE_AUTORELEASING = YES;
				CLANG_WARN_BOOL_CONVERSION = YES;
				CLANG_WARN_COMMA = YES;
				CLANG_WARN_CONSTANT_CONVERSION = YES;
				CLANG_WARN_DEPRECATED_OBJC_IMPLEMENTATIONS = YES;
				CLANG_WARN_DIRECT_OBJC_ISA_USAGE = YES_ERROR;
				CLANG_WARN_DOCUMENTATION_COMMENTS = YES;
				CLANG_WARN_EMPTY_BODY = YES;
				CLANG_WARN_ENUM_CONVERSION = YES;
				CLANG_WARN_INFINITE_RECURSION = YES;
				CLANG_WARN_INT_CONVERSION = YES;
				CLANG_WARN_NON_LITERAL_NULL_CONVERSION = YES;
				CLANG_WARN_OBJC_IMPLICIT_RETAIN_SELF = YES;
				CLANG_WARN_OBJC_LITERAL_CONVERSION = YES;
				CLANG_WARN_OBJC_ROOT_CLASS = YES_ERROR;
				CLANG_WARN_RANGE_LOOP_ANALYSIS = YES;
				CLANG_WARN_STRICT_PROTOTYPES = YES;
				CLANG_WARN_SUSPICIOUS_MOVE = YES;
				CLANG_WARN_UNGUARDED_AVAILABILITY = YES_AGGRESSIVE;
				CLANG_WARN_UNREACHABLE_CODE = YES;
				CLANG_WARN__DUPLICATE_METHOD_MATCH = YES;
				CODE_SIGN_IDENTITY = "iPhone Developer";
				COPY_PHASE_STRIP = NO;
				DEBUG_INFORMATION_FORMAT = "dwarf-with-dsym";
				ENABLE_NS_ASSERTIONS = NO;
				ENABLE_STRICT_OBJC_MSGSEND = YES;
				GCC_C_LANGUAGE_STANDARD = gnu11;
				GCC_NO_COMMON_BLOCKS = YES;
				GCC_WARN_64_TO_32_BIT_CONVERSION = YES;
				GCC_WARN_ABOUT_RETURN_TYPE = YES_ERROR;
				GCC_WARN_UNDECLARED_SELECTOR = YES;
				GCC_WARN_UNINITIALIZED_AUTOS = YES_AGGRESSIVE;
				GCC_WARN_UNUSED_FUNCTION = YES;
				GCC_WARN_UNUSED_VARIABLE = YES;
				IPHONEOS_DEPLOYMENT_TARGET = 12.2;
				MTL_ENABLE_DEBUG_INFO = NO;
				MTL_FAST_MATH = YES;
				SDKROOT = iphoneos;
				SWIFT_COMPILATION_MODE = wholemodule;
				SWIFT_OPTIMIZATION_LEVEL = "-O";
				VALIDATE_PRODUCT = YES;
			};
			name = Release;
		};
		36CBF8AF22682D7900079F0C /* Debug */ = {
			isa = XCBuildConfiguration;
			buildSettings = {
				ASSETCATALOG_COMPILER_APPICON_NAME = AppIcon;
				CODE_SIGN_STYLE = Automatic;
				DEVELOPMENT_TEAM = 2WCCWSFG99;
				INFOPLIST_FILE = Factions/Info.plist;
				IPHONEOS_DEPLOYMENT_TARGET = 12.0;
				LD_RUNPATH_SEARCH_PATHS = (
					"$(inherited)",
					"@executable_path/Frameworks",
				);
				PRODUCT_BUNDLE_IDENTIFIER = com.GeeTeam.Factions;
				PRODUCT_NAME = "$(TARGET_NAME)";
				SWIFT_VERSION = 5.0;
				TARGETED_DEVICE_FAMILY = "1,2";
			};
			name = Debug;
		};
		36CBF8B022682D7900079F0C /* Release */ = {
			isa = XCBuildConfiguration;
			buildSettings = {
				ASSETCATALOG_COMPILER_APPICON_NAME = AppIcon;
				CODE_SIGN_STYLE = Automatic;
				DEVELOPMENT_TEAM = 2WCCWSFG99;
				INFOPLIST_FILE = Factions/Info.plist;
				IPHONEOS_DEPLOYMENT_TARGET = 12.0;
				LD_RUNPATH_SEARCH_PATHS = (
					"$(inherited)",
					"@executable_path/Frameworks",
				);
				PRODUCT_BUNDLE_IDENTIFIER = com.GeeTeam.Factions;
				PRODUCT_NAME = "$(TARGET_NAME)";
				SWIFT_VERSION = 5.0;
				TARGETED_DEVICE_FAMILY = "1,2";
			};
			name = Release;
		};
/* End XCBuildConfiguration section */

/* Begin XCConfigurationList section */
		36CBF89722682D7800079F0C /* Build configuration list for PBXProject "Factions" */ = {
			isa = XCConfigurationList;
			buildConfigurations = (
				36CBF8AC22682D7900079F0C /* Debug */,
				36CBF8AD22682D7900079F0C /* Release */,
			);
			defaultConfigurationIsVisible = 0;
			defaultConfigurationName = Release;
		};
		36CBF8AE22682D7900079F0C /* Build configuration list for PBXNativeTarget "Factions" */ = {
			isa = XCConfigurationList;
			buildConfigurations = (
				36CBF8AF22682D7900079F0C /* Debug */,
				36CBF8B022682D7900079F0C /* Release */,
			);
			defaultConfigurationIsVisible = 0;
			defaultConfigurationName = Release;
		};
/* End XCConfigurationList section */
	};
	rootObject = 36CBF89422682D7800079F0C /* Project object */;
}
